// !$*UTF8*$!
{
	archiveVersion = 1;
	classes = {
	};
	objectVersion = 56;
	objects = {

/* Begin PBXBuildFile section */
		4FD483C02D4E80710004317C /* AppDelegate.swift in Sources */ = {isa = PBXBuildFile; fileRef = 4FD483BF2D4E80710004317C /* AppDelegate.swift */; };
		4FD483C22D4E80710004317C /* SceneDelegate.swift in Sources */ = {isa = PBXBuildFile; fileRef = 4FD483C12D4E80710004317C /* SceneDelegate.swift */; };
		4FD483C92D4E80720004317C /* Assets.xcassets in Resources */ = {isa = PBXBuildFile; fileRef = 4FD483C82D4E80720004317C /* Assets.xcassets */; };
		4FD483CC2D4E80720004317C /* Base in Resources */ = {isa = PBXBuildFile; fileRef = 4FD483CB2D4E80720004317C /* Base */; };
		4FD483DF2D4E9DE60004317C /* SnapKit in Frameworks */ = {isa = PBXBuildFile; productRef = 4FD483DE2D4E9DE60004317C /* SnapKit */; };
		4FD483E12D4E9DE60004317C /* SnapKit-Dynamic in Frameworks */ = {isa = PBXBuildFile; productRef = 4FD483E02D4E9DE60004317C /* SnapKit-Dynamic */; };
		4FD483E42D4F95A90004317C /* Kingfisher in Frameworks */ = {isa = PBXBuildFile; productRef = 4FD483E32D4F95A90004317C /* Kingfisher */; };
		4FD483E92D4F96430004317C /* Endpoint.swift in Sources */ = {isa = PBXBuildFile; fileRef = 4FD483E52D4F96430004317C /* Endpoint.swift */; };
		4FD483EA2D4F96430004317C /* HTTPClient.swift in Sources */ = {isa = PBXBuildFile; fileRef = 4FD483E62D4F96430004317C /* HTTPClient.swift */; };
		4FD483EB2D4F96430004317C /* NetworkError.swift in Sources */ = {isa = PBXBuildFile; fileRef = 4FD483E72D4F96430004317C /* NetworkError.swift */; };
		4FD483ED2D4FAA300004317C /* HTTPMethod.swift in Sources */ = {isa = PBXBuildFile; fileRef = 4FD483EC2D4FAA300004317C /* HTTPMethod.swift */; };
		4FD483EF2D4FAD8C0004317C /* NetworkLogger.swift in Sources */ = {isa = PBXBuildFile; fileRef = 4FD483EE2D4FAD8B0004317C /* NetworkLogger.swift */; };
		4FD483F32D4FBBCC0004317C /* MovieEndpoint.swift in Sources */ = {isa = PBXBuildFile; fileRef = 4FD483F22D4FBBCC0004317C /* MovieEndpoint.swift */; };
		4FD483F52D4FBC010004317C /* APIConfig.swift in Sources */ = {isa = PBXBuildFile; fileRef = 4FD483F42D4FBC010004317C /* APIConfig.swift */; };
		4FD483F72D4FBC220004317C /* Movie.swift in Sources */ = {isa = PBXBuildFile; fileRef = 4FD483F62D4FBC220004317C /* Movie.swift */; };
		4FD483F92D4FBC340004317C /* MovieResponse.swift in Sources */ = {isa = PBXBuildFile; fileRef = 4FD483F82D4FBC340004317C /* MovieResponse.swift */; };
		4FD483FC2D5030410004317C /* MovieDetail.swift in Sources */ = {isa = PBXBuildFile; fileRef = 4FD483FB2D5030410004317C /* MovieDetail.swift */; };
		4FD483FE2D50307B0004317C /* MovieGenre.swift in Sources */ = {isa = PBXBuildFile; fileRef = 4FD483FD2D50307B0004317C /* MovieGenre.swift */; };
		4FD484002D5030C40004317C /* MovieDetailEndpoint.swift in Sources */ = {isa = PBXBuildFile; fileRef = 4FD483FF2D5030C40004317C /* MovieDetailEndpoint.swift */; };
/* End PBXBuildFile section */

/* Begin PBXFileReference section */
		4FD483BC2D4E80710004317C /* tmda.app */ = {isa = PBXFileReference; explicitFileType = wrapper.application; includeInIndex = 0; path = tmda.app; sourceTree = BUILT_PRODUCTS_DIR; };
		4FD483BF2D4E80710004317C /* AppDelegate.swift */ = {isa = PBXFileReference; lastKnownFileType = sourcecode.swift; path = AppDelegate.swift; sourceTree = "<group>"; };
		4FD483C12D4E80710004317C /* SceneDelegate.swift */ = {isa = PBXFileReference; lastKnownFileType = sourcecode.swift; path = SceneDelegate.swift; sourceTree = "<group>"; };
		4FD483C82D4E80720004317C /* Assets.xcassets */ = {isa = PBXFileReference; lastKnownFileType = folder.assetcatalog; path = Assets.xcassets; sourceTree = "<group>"; };
		4FD483CB2D4E80720004317C /* Base */ = {isa = PBXFileReference; lastKnownFileType = file.storyboard; name = Base; path = Base.lproj/LaunchScreen.storyboard; sourceTree = "<group>"; };
		4FD483CD2D4E80720004317C /* Info.plist */ = {isa = PBXFileReference; lastKnownFileType = text.plist.xml; path = Info.plist; sourceTree = "<group>"; };
		4FD483E52D4F96430004317C /* Endpoint.swift */ = {isa = PBXFileReference; fileEncoding = 4; lastKnownFileType = sourcecode.swift; path = Endpoint.swift; sourceTree = "<group>"; };
		4FD483E62D4F96430004317C /* HTTPClient.swift */ = {isa = PBXFileReference; fileEncoding = 4; lastKnownFileType = sourcecode.swift; path = HTTPClient.swift; sourceTree = "<group>"; };
		4FD483E72D4F96430004317C /* NetworkError.swift */ = {isa = PBXFileReference; fileEncoding = 4; lastKnownFileType = sourcecode.swift; path = NetworkError.swift; sourceTree = "<group>"; };
		4FD483EC2D4FAA300004317C /* HTTPMethod.swift */ = {isa = PBXFileReference; lastKnownFileType = sourcecode.swift; path = HTTPMethod.swift; sourceTree = "<group>"; };
		4FD483EE2D4FAD8B0004317C /* NetworkLogger.swift */ = {isa = PBXFileReference; fileEncoding = 4; lastKnownFileType = sourcecode.swift; path = NetworkLogger.swift; sourceTree = "<group>"; };
		4FD483F22D4FBBCC0004317C /* MovieEndpoint.swift */ = {isa = PBXFileReference; lastKnownFileType = sourcecode.swift; path = MovieEndpoint.swift; sourceTree = "<group>"; };
		4FD483F42D4FBC010004317C /* APIConfig.swift */ = {isa = PBXFileReference; lastKnownFileType = sourcecode.swift; path = APIConfig.swift; sourceTree = "<group>"; };
		4FD483F62D4FBC220004317C /* Movie.swift */ = {isa = PBXFileReference; lastKnownFileType = sourcecode.swift; path = Movie.swift; sourceTree = "<group>"; };
		4FD483F82D4FBC340004317C /* MovieResponse.swift */ = {isa = PBXFileReference; lastKnownFileType = sourcecode.swift; path = MovieResponse.swift; sourceTree = "<group>"; };
		4FD483FB2D5030410004317C /* MovieDetail.swift */ = {isa = PBXFileReference; lastKnownFileType = sourcecode.swift; path = MovieDetail.swift; sourceTree = "<group>"; };
		4FD483FD2D50307B0004317C /* MovieGenre.swift */ = {isa = PBXFileReference; lastKnownFileType = sourcecode.swift; path = MovieGenre.swift; sourceTree = "<group>"; };
		4FD483FF2D5030C40004317C /* MovieDetailEndpoint.swift */ = {isa = PBXFileReference; lastKnownFileType = sourcecode.swift; path = MovieDetailEndpoint.swift; sourceTree = "<group>"; };
/* End PBXFileReference section */

/* Begin PBXFrameworksBuildPhase section */
		4FD483B92D4E80710004317C /* Frameworks */ = {
			isa = PBXFrameworksBuildPhase;
			buildActionMask = 2147483647;
			files = (
				4FD483E42D4F95A90004317C /* Kingfisher in Frameworks */,
				4FD483DF2D4E9DE60004317C /* SnapKit in Frameworks */,
				4FD483E12D4E9DE60004317C /* SnapKit-Dynamic in Frameworks */,
			);
			runOnlyForDeploymentPostprocessing = 0;
		};
/* End PBXFrameworksBuildPhase section */

/* Begin PBXGroup section */
		4FD483B32D4E80710004317C = {
			isa = PBXGroup;
			children = (
				4FD483BE2D4E80710004317C /* tmda */,
				4FD483BD2D4E80710004317C /* Products */,
			);
			sourceTree = "<group>";
		};
		4FD483BD2D4E80710004317C /* Products */ = {
			isa = PBXGroup;
			children = (
				4FD483BC2D4E80710004317C /* tmda.app */,
			);
			name = Products;
			sourceTree = "<group>";
		};
		4FD483BE2D4E80710004317C /* tmda */ = {
			isa = PBXGroup;
			children = (
				4FD483D32D4E870E0004317C /* Application */,
				4FD483D42D4E87840004317C /* Core */,
				4FD484022D5034540004317C /* Domain */,
				4FD483D52D4E87920004317C /* Presentation */,
				4FD483C82D4E80720004317C /* Assets.xcassets */,
				4FD483CA2D4E80720004317C /* LaunchScreen.storyboard */,
				4FD483CD2D4E80720004317C /* Info.plist */,
			);
			path = tmda;
			sourceTree = "<group>";
		};
		4FD483D32D4E870E0004317C /* Application */ = {
			isa = PBXGroup;
			children = (
				4FD483BF2D4E80710004317C /* AppDelegate.swift */,
				4FD483C12D4E80710004317C /* SceneDelegate.swift */,
			);
			path = Application;
			sourceTree = "<group>";
		};
		4FD483D42D4E87840004317C /* Core */ = {
			isa = PBXGroup;
			children = (
				4FD483E82D4F96430004317C /* Networking */,
			);
			path = Core;
			sourceTree = "<group>";
		};
		4FD483D52D4E87920004317C /* Presentation */ = {
			isa = PBXGroup;
			children = (
			);
			path = Presentation;
			sourceTree = "<group>";
		};
		4FD483E82D4F96430004317C /* Networking */ = {
			isa = PBXGroup;
			children = (
				4FD483F42D4FBC010004317C /* APIConfig.swift */,
				4FD484052D5035970004317C /* Endpoints */,
				4FD484042D5035700004317C /* Base */,
			);
			path = Networking;
			sourceTree = "<group>";
		};
		4FD483F12D4FBBA30004317C /* Models */ = {
			isa = PBXGroup;
			children = (
				4FD483FD2D50307B0004317C /* MovieGenre.swift */,
				4FD483FB2D5030410004317C /* MovieDetail.swift */,
				4FD483F62D4FBC220004317C /* Movie.swift */,
			);
			path = Models;
			sourceTree = "<group>";
		};
		4FD484022D5034540004317C /* Domain */ = {
			isa = PBXGroup;
			children = (
				4FD484032D50352D0004317C /* DTO */,
				4FD483F12D4FBBA30004317C /* Models */,
			);
			path = Domain;
			sourceTree = "<group>";
		};
		4FD484032D50352D0004317C /* DTO */ = {
			isa = PBXGroup;
			children = (
				4FD483F82D4FBC340004317C /* MovieResponse.swift */,
			);
			name = DTO;
			sourceTree = "<group>";
		};
		4FD484042D5035700004317C /* Base */ = {
			isa = PBXGroup;
			children = (
				4FD483E52D4F96430004317C /* Endpoint.swift */,
				4FD483EC2D4FAA300004317C /* HTTPMethod.swift */,
				4FD483E62D4F96430004317C /* HTTPClient.swift */,
				4FD483EE2D4FAD8B0004317C /* NetworkLogger.swift */,
				4FD483E72D4F96430004317C /* NetworkError.swift */,
			);
			path = Base;
			sourceTree = "<group>";
		};
		4FD484052D5035970004317C /* Endpoints */ = {
			isa = PBXGroup;
			children = (
				4FD483FF2D5030C40004317C /* MovieDetailEndpoint.swift */,
				4FD483F22D4FBBCC0004317C /* MovieEndpoint.swift */,
			);
			name = Endpoints;
			sourceTree = "<group>";
		};
/* End PBXGroup section */

/* Begin PBXNativeTarget section */
		4FD483BB2D4E80710004317C /* tmda */ = {
			isa = PBXNativeTarget;
			buildConfigurationList = 4FD483D02D4E80720004317C /* Build configuration list for PBXNativeTarget "tmda" */;
			buildPhases = (
				4FD483B82D4E80710004317C /* Sources */,
				4FD483B92D4E80710004317C /* Frameworks */,
				4FD483BA2D4E80710004317C /* Resources */,
			);
			buildRules = (
			);
			dependencies = (
			);
			name = tmda;
			packageProductDependencies = (
				4FD483DE2D4E9DE60004317C /* SnapKit */,
				4FD483E02D4E9DE60004317C /* SnapKit-Dynamic */,
				4FD483E32D4F95A90004317C /* Kingfisher */,
			);
			productName = tmda;
			productReference = 4FD483BC2D4E80710004317C /* tmda.app */;
			productType = "com.apple.product-type.application";
		};
/* End PBXNativeTarget section */

/* Begin PBXProject section */
		4FD483B42D4E80710004317C /* Project object */ = {
			isa = PBXProject;
			attributes = {
				BuildIndependentTargetsInParallel = 1;
				LastSwiftUpdateCheck = 1530;
				LastUpgradeCheck = 1530;
				TargetAttributes = {
					4FD483BB2D4E80710004317C = {
						CreatedOnToolsVersion = 15.3;
					};
				};
			};
			buildConfigurationList = 4FD483B72D4E80710004317C /* Build configuration list for PBXProject "tmda" */;
			compatibilityVersion = "Xcode 14.0";
			developmentRegion = en;
			hasScannedForEncodings = 0;
			knownRegions = (
				en,
				Base,
			);
			mainGroup = 4FD483B32D4E80710004317C;
			packageReferences = (
				4FD483DD2D4E9DE60004317C /* XCRemoteSwiftPackageReference "SnapKit" */,
				4FD483E22D4F95A90004317C /* XCRemoteSwiftPackageReference "Kingfisher" */,
			);
			productRefGroup = 4FD483BD2D4E80710004317C /* Products */;
			projectDirPath = "";
			projectRoot = "";
			targets = (
				4FD483BB2D4E80710004317C /* tmda */,
			);
		};
/* End PBXProject section */

/* Begin PBXResourcesBuildPhase section */
		4FD483BA2D4E80710004317C /* Resources */ = {
			isa = PBXResourcesBuildPhase;
			buildActionMask = 2147483647;
			files = (
				4FD483C92D4E80720004317C /* Assets.xcassets in Resources */,
				4FD483CC2D4E80720004317C /* Base in Resources */,
			);
			runOnlyForDeploymentPostprocessing = 0;
		};
/* End PBXResourcesBuildPhase section */

/* Begin PBXSourcesBuildPhase section */
		4FD483B82D4E80710004317C /* Sources */ = {
			isa = PBXSourcesBuildPhase;
			buildActionMask = 2147483647;
			files = (
				4FD483EF2D4FAD8C0004317C /* NetworkLogger.swift in Sources */,
				4FD483C02D4E80710004317C /* AppDelegate.swift in Sources */,
				4FD483E92D4F96430004317C /* Endpoint.swift in Sources */,
				4FD483FC2D5030410004317C /* MovieDetail.swift in Sources */,
				4FD483ED2D4FAA300004317C /* HTTPMethod.swift in Sources */,
				4FD483F72D4FBC220004317C /* Movie.swift in Sources */,
				4FD483EA2D4F96430004317C /* HTTPClient.swift in Sources */,
				4FD483F52D4FBC010004317C /* APIConfig.swift in Sources */,
				4FD483C22D4E80710004317C /* SceneDelegate.swift in Sources */,
				4FD483EB2D4F96430004317C /* NetworkError.swift in Sources */,
				4FD483F32D4FBBCC0004317C /* MovieEndpoint.swift in Sources */,
				4FD483FE2D50307B0004317C /* MovieGenre.swift in Sources */,
				4FD484002D5030C40004317C /* MovieDetailEndpoint.swift in Sources */,
				4FD483F92D4FBC340004317C /* MovieResponse.swift in Sources */,
			);
			runOnlyForDeploymentPostprocessing = 0;
		};
/* End PBXSourcesBuildPhase section */

/* Begin PBXVariantGroup section */
		4FD483CA2D4E80720004317C /* LaunchScreen.storyboard */ = {
			isa = PBXVariantGroup;
			children = (
				4FD483CB2D4E80720004317C /* Base */,
			);
			name = LaunchScreen.storyboard;
			sourceTree = "<group>";
		};
/* End PBXVariantGroup section */

/* Begin XCBuildConfiguration section */
		4FD483CE2D4E80720004317C /* Debug */ = {
			isa = XCBuildConfiguration;
			buildSettings = {
				ALWAYS_SEARCH_USER_PATHS = NO;
				ASSETCATALOG_COMPILER_GENERATE_SWIFT_ASSET_SYMBOL_EXTENSIONS = YES;
				CLANG_ANALYZER_NONNULL = YES;
				CLANG_ANALYZER_NUMBER_OBJECT_CONVERSION = YES_AGGRESSIVE;
				CLANG_CXX_LANGUAGE_STANDARD = "gnu++20";
				CLANG_ENABLE_MODULES = YES;
				CLANG_ENABLE_OBJC_ARC = YES;
				CLANG_ENABLE_OBJC_WEAK = YES;
				CLANG_WARN_BLOCK_CAPTURE_AUTORELEASING = YES;
				CLANG_WARN_BOOL_CONVERSION = YES;
				CLANG_WARN_COMMA = YES;
				CLANG_WARN_CONSTANT_CONVERSION = YES;
				CLANG_WARN_DEPRECATED_OBJC_IMPLEMENTATIONS = YES;
				CLANG_WARN_DIRECT_OBJC_ISA_USAGE = YES_ERROR;
				CLANG_WARN_DOCUMENTATION_COMMENTS = YES;
				CLANG_WARN_EMPTY_BODY = YES;
				CLANG_WARN_ENUM_CONVERSION = YES;
				CLANG_WARN_INFINITE_RECURSION = YES;
				CLANG_WARN_INT_CONVERSION = YES;
				CLANG_WARN_NON_LITERAL_NULL_CONVERSION = YES;
				CLANG_WARN_OBJC_IMPLICIT_RETAIN_SELF = YES;
				CLANG_WARN_OBJC_LITERAL_CONVERSION = YES;
				CLANG_WARN_OBJC_ROOT_CLASS = YES_ERROR;
				CLANG_WARN_QUOTED_INCLUDE_IN_FRAMEWORK_HEADER = YES;
				CLANG_WARN_RANGE_LOOP_ANALYSIS = YES;
				CLANG_WARN_STRICT_PROTOTYPES = YES;
				CLANG_WARN_SUSPICIOUS_MOVE = YES;
				CLANG_WARN_UNGUARDED_AVAILABILITY = YES_AGGRESSIVE;
				CLANG_WARN_UNREACHABLE_CODE = YES;
				CLANG_WARN__DUPLICATE_METHOD_MATCH = YES;
				COPY_PHASE_STRIP = NO;
				DEBUG_INFORMATION_FORMAT = dwarf;
				ENABLE_STRICT_OBJC_MSGSEND = YES;
				ENABLE_TESTABILITY = YES;
				ENABLE_USER_SCRIPT_SANDBOXING = YES;
				GCC_C_LANGUAGE_STANDARD = gnu17;
				GCC_DYNAMIC_NO_PIC = NO;
				GCC_NO_COMMON_BLOCKS = YES;
				GCC_OPTIMIZATION_LEVEL = 0;
				GCC_PREPROCESSOR_DEFINITIONS = (
					"DEBUG=1",
					"$(inherited)",
				);
				GCC_WARN_64_TO_32_BIT_CONVERSION = YES;
				GCC_WARN_ABOUT_RETURN_TYPE = YES_ERROR;
				GCC_WARN_UNDECLARED_SELECTOR = YES;
				GCC_WARN_UNINITIALIZED_AUTOS = YES_AGGRESSIVE;
				GCC_WARN_UNUSED_FUNCTION = YES;
				GCC_WARN_UNUSED_VARIABLE = YES;
				IPHONEOS_DEPLOYMENT_TARGET = 17.4;
				LOCALIZATION_PREFERS_STRING_CATALOGS = YES;
				MTL_ENABLE_DEBUG_INFO = INCLUDE_SOURCE;
				MTL_FAST_MATH = YES;
				ONLY_ACTIVE_ARCH = YES;
				SDKROOT = iphoneos;
				SWIFT_ACTIVE_COMPILATION_CONDITIONS = "DEBUG $(inherited)";
				SWIFT_OPTIMIZATION_LEVEL = "-Onone";
			};
			name = Debug;
		};
		4FD483CF2D4E80720004317C /* Release */ = {
			isa = XCBuildConfiguration;
			buildSettings = {
				ALWAYS_SEARCH_USER_PATHS = NO;
				ASSETCATALOG_COMPILER_GENERATE_SWIFT_ASSET_SYMBOL_EXTENSIONS = YES;
				CLANG_ANALYZER_NONNULL = YES;
				CLANG_ANALYZER_NUMBER_OBJECT_CONVERSION = YES_AGGRESSIVE;
				CLANG_CXX_LANGUAGE_STANDARD = "gnu++20";
				CLANG_ENABLE_MODULES = YES;
				CLANG_ENABLE_OBJC_ARC = YES;
				CLANG_ENABLE_OBJC_WEAK = YES;
				CLANG_WARN_BLOCK_CAPTURE_AUTORELEASING = YES;
				CLANG_WARN_BOOL_CONVERSION = YES;
				CLANG_WARN_COMMA = YES;
				CLANG_WARN_CONSTANT_CONVERSION = YES;
				CLANG_WARN_DEPRECATED_OBJC_IMPLEMENTATIONS = YES;
				CLANG_WARN_DIRECT_OBJC_ISA_USAGE = YES_ERROR;
				CLANG_WARN_DOCUMENTATION_COMMENTS = YES;
				CLANG_WARN_EMPTY_BODY = YES;
				CLANG_WARN_ENUM_CONVERSION = YES;
				CLANG_WARN_INFINITE_RECURSION = YES;
				CLANG_WARN_INT_CONVERSION = YES;
				CLANG_WARN_NON_LITERAL_NULL_CONVERSION = YES;
				CLANG_WARN_OBJC_IMPLICIT_RETAIN_SELF = YES;
				CLANG_WARN_OBJC_LITERAL_CONVERSION = YES;
				CLANG_WARN_OBJC_ROOT_CLASS = YES_ERROR;
				CLANG_WARN_QUOTED_INCLUDE_IN_FRAMEWORK_HEADER = YES;
				CLANG_WARN_RANGE_LOOP_ANALYSIS = YES;
				CLANG_WARN_STRICT_PROTOTYPES = YES;
				CLANG_WARN_SUSPICIOUS_MOVE = YES;
				CLANG_WARN_UNGUARDED_AVAILABILITY = YES_AGGRESSIVE;
				CLANG_WARN_UNREACHABLE_CODE = YES;
				CLANG_WARN__DUPLICATE_METHOD_MATCH = YES;
				COPY_PHASE_STRIP = NO;
				DEBUG_INFORMATION_FORMAT = "dwarf-with-dsym";
				ENABLE_NS_ASSERTIONS = NO;
				ENABLE_STRICT_OBJC_MSGSEND = YES;
				ENABLE_USER_SCRIPT_SANDBOXING = YES;
				GCC_C_LANGUAGE_STANDARD = gnu17;
				GCC_NO_COMMON_BLOCKS = YES;
				GCC_WARN_64_TO_32_BIT_CONVERSION = YES;
				GCC_WARN_ABOUT_RETURN_TYPE = YES_ERROR;
				GCC_WARN_UNDECLARED_SELECTOR = YES;
				GCC_WARN_UNINITIALIZED_AUTOS = YES_AGGRESSIVE;
				GCC_WARN_UNUSED_FUNCTION = YES;
				GCC_WARN_UNUSED_VARIABLE = YES;
				IPHONEOS_DEPLOYMENT_TARGET = 17.4;
				LOCALIZATION_PREFERS_STRING_CATALOGS = YES;
				MTL_ENABLE_DEBUG_INFO = NO;
				MTL_FAST_MATH = YES;
				SDKROOT = iphoneos;
				SWIFT_COMPILATION_MODE = wholemodule;
				VALIDATE_PRODUCT = YES;
			};
			name = Release;
		};
		4FD483D12D4E80720004317C /* Debug */ = {
			isa = XCBuildConfiguration;
			buildSettings = {
				ASSETCATALOG_COMPILER_APPICON_NAME = AppIcon;
				ASSETCATALOG_COMPILER_GLOBAL_ACCENT_COLOR_NAME = AccentColor;
				CODE_SIGN_IDENTITY = "Apple Development";
				CODE_SIGN_STYLE = Automatic;
				CURRENT_PROJECT_VERSION = 1;
				DEVELOPMENT_TEAM = Z5GK9C4MBD;
				GENERATE_INFOPLIST_FILE = YES;
				INFOPLIST_FILE = tmda/Info.plist;
				INFOPLIST_KEY_UIApplicationSupportsIndirectInputEvents = YES;
				INFOPLIST_KEY_UILaunchStoryboardName = LaunchScreen;
				INFOPLIST_KEY_UISupportedInterfaceOrientations = UIInterfaceOrientationPortrait;
				INFOPLIST_KEY_UISupportedInterfaceOrientations_iPad = "UIInterfaceOrientationLandscapeLeft UIInterfaceOrientationLandscapeRight UIInterfaceOrientationPortrait UIInterfaceOrientationPortraitUpsideDown";
				IPHONEOS_DEPLOYMENT_TARGET = 15.0;
				LD_RUNPATH_SEARCH_PATHS = (
					"$(inherited)",
					"@executable_path/Frameworks",
				);
				MARKETING_VERSION = 1.0;
				PRODUCT_BUNDLE_IDENTIFIER = pc.tmda;
				PRODUCT_NAME = "$(TARGET_NAME)";
				PROVISIONING_PROFILE_SPECIFIER = "";
				SUPPORTED_PLATFORMS = "iphoneos iphonesimulator";
				SUPPORTS_MACCATALYST = NO;
				SUPPORTS_MAC_DESIGNED_FOR_IPHONE_IPAD = NO;
				SUPPORTS_XR_DESIGNED_FOR_IPHONE_IPAD = NO;
				SWIFT_EMIT_LOC_STRINGS = YES;
				SWIFT_VERSION = 5.0;
				TARGETED_DEVICE_FAMILY = 1;
			};
			name = Debug;
		};
		4FD483D22D4E80720004317C /* Release */ = {
			isa = XCBuildConfiguration;
			buildSettings = {
				ASSETCATALOG_COMPILER_APPICON_NAME = AppIcon;
				ASSETCATALOG_COMPILER_GLOBAL_ACCENT_COLOR_NAME = AccentColor;
				CODE_SIGN_IDENTITY = "Apple Development";
				CODE_SIGN_STYLE = Automatic;
				CURRENT_PROJECT_VERSION = 1;
				DEVELOPMENT_TEAM = Z5GK9C4MBD;
				GENERATE_INFOPLIST_FILE = YES;
				INFOPLIST_FILE = tmda/Info.plist;
				INFOPLIST_KEY_UIApplicationSupportsIndirectInputEvents = YES;
				INFOPLIST_KEY_UILaunchStoryboardName = LaunchScreen;
				INFOPLIST_KEY_UISupportedInterfaceOrientations = UIInterfaceOrientationPortrait;
				INFOPLIST_KEY_UISupportedInterfaceOrientations_iPad = "UIInterfaceOrientationLandscapeLeft UIInterfaceOrientationLandscapeRight UIInterfaceOrientationPortrait UIInterfaceOrientationPortraitUpsideDown";
				IPHONEOS_DEPLOYMENT_TARGET = 15.0;
				LD_RUNPATH_SEARCH_PATHS = (
					"$(inherited)",
					"@executable_path/Frameworks",
				);
				MARKETING_VERSION = 1.0;
				PRODUCT_BUNDLE_IDENTIFIER = pc.tmda;
				PRODUCT_NAME = "$(TARGET_NAME)";
				PROVISIONING_PROFILE_SPECIFIER = "";
				SUPPORTED_PLATFORMS = "iphoneos iphonesimulator";
				SUPPORTS_MACCATALYST = NO;
				SUPPORTS_MAC_DESIGNED_FOR_IPHONE_IPAD = NO;
				SUPPORTS_XR_DESIGNED_FOR_IPHONE_IPAD = NO;
				SWIFT_EMIT_LOC_STRINGS = YES;
				SWIFT_VERSION = 5.0;
				TARGETED_DEVICE_FAMILY = 1;
			};
			name = Release;
		};
/* End XCBuildConfiguration section */

/* Begin XCConfigurationList section */
		4FD483B72D4E80710004317C /* Build configuration list for PBXProject "tmda" */ = {
			isa = XCConfigurationList;
			buildConfigurations = (
				4FD483CE2D4E80720004317C /* Debug */,
				4FD483CF2D4E80720004317C /* Release */,
			);
			defaultConfigurationIsVisible = 0;
			defaultConfigurationName = Release;
		};
		4FD483D02D4E80720004317C /* Build configuration list for PBXNativeTarget "tmda" */ = {
			isa = XCConfigurationList;
			buildConfigurations = (
				4FD483D12D4E80720004317C /* Debug */,
				4FD483D22D4E80720004317C /* Release */,
			);
			defaultConfigurationIsVisible = 0;
			defaultConfigurationName = Release;
		};
/* End XCConfigurationList section */

/* Begin XCRemoteSwiftPackageReference section */
		4FD483DD2D4E9DE60004317C /* XCRemoteSwiftPackageReference "SnapKit" */ = {
			isa = XCRemoteSwiftPackageReference;
			repositoryURL = "https://github.com/SnapKit/SnapKit.git";
			requirement = {
				kind = upToNextMajorVersion;
				minimumVersion = 5.7.1;
			};
		};
		4FD483E22D4F95A90004317C /* XCRemoteSwiftPackageReference "Kingfisher" */ = {
			isa = XCRemoteSwiftPackageReference;
			repositoryURL = "https://github.com/onevcat/Kingfisher";
			requirement = {
				kind = upToNextMajorVersion;
				minimumVersion = 8.1.4;
			};
		};
/* End XCRemoteSwiftPackageReference section */

/* Begin XCSwiftPackageProductDependency section */
		4FD483DE2D4E9DE60004317C /* SnapKit */ = {
			isa = XCSwiftPackageProductDependency;
			package = 4FD483DD2D4E9DE60004317C /* XCRemoteSwiftPackageReference "SnapKit" */;
			productName = SnapKit;
		};
		4FD483E02D4E9DE60004317C /* SnapKit-Dynamic */ = {
			isa = XCSwiftPackageProductDependency;
			package = 4FD483DD2D4E9DE60004317C /* XCRemoteSwiftPackageReference "SnapKit" */;
			productName = "SnapKit-Dynamic";
		};
		4FD483E32D4F95A90004317C /* Kingfisher */ = {
			isa = XCSwiftPackageProductDependency;
			package = 4FD483E22D4F95A90004317C /* XCRemoteSwiftPackageReference "Kingfisher" */;
			productName = Kingfisher;
		};
/* End XCSwiftPackageProductDependency section */
	};
	rootObject = 4FD483B42D4E80710004317C /* Project object */;
}
